
Microsoft Visual Studio Solution File, Format Version 12.00
# Visual Studio Version 17
VisualStudioVersion = 17.4.33122.133
MinimumVisualStudioVersion = 10.0.40219.1
Project("{FAE04EC0-301F-11D3-BF4B-00C04F79EFBC}") = "RntCar.BusinessLibrary", "RntCar.BusinessLibrary\RntCar.BusinessLibrary.csproj", "{A5660062-CBE5-4A3D-AA32-C68DB8D332E9}"
EndProject
Project("{FAE04EC0-301F-11D3-BF4B-00C04F79EFBC}") = "RntCar.ClassLibrary", "RntCar.ClassLibrary\RntCar.ClassLibrary.csproj", "{26E45602-87F8-4CF4-A83C-967D988C9D1F}"
EndProject
Project("{2150E333-8FDC-42A3-9474-1A3956D46DE8}") = "Common Projects", "Common Projects", "{BD5FBC60-9D29-41ED-9AB3-6F8734691A9E}"
EndProject
Project("{2150E333-8FDC-42A3-9474-1A3956D46DE8}") = "CrmProjects", "CrmProjects", "{783D3D80-1B11-4D5F-97ED-966DFDEBA0B8}"
EndProject
Project("{FAE04EC0-301F-11D3-BF4B-00C04F79EFBC}") = "RntCar.SDK", "RntCar.SDK\RntCar.SDK.csproj", "{77BB0D97-6487-4202-821F-0DC2D08C9053}"
EndProject
Project("{FAE04EC0-301F-11D3-BF4B-00C04F79EFBC}") = "RntCar.MongoDBHelper", "RntCar.MongoDBHelper\RntCar.MongoDBHelper.csproj", "{9881C6D3-7478-41DA-A63F-0CE4304E8E92}"
EndProject
Project("{FAE04EC0-301F-11D3-BF4B-00C04F79EFBC}") = "RntCar.CrmPlugins", "RntCar.CrmPlugins\RntCar.CrmPlugins.csproj", "{3A2418F2-219B-4081-A903-260DA5CF7E84}"
EndProject
Project("{FAE04EC0-301F-11D3-BF4B-00C04F79EFBC}") = "RntCar.CrmWebResources", "RntCar.CrmWebResources\RntCar.CrmWebResources.csproj", "{F683728F-8C77-40E2-BE8F-4DC112DB8B54}"
EndProject
Project("{2150E333-8FDC-42A3-9474-1A3956D46DE8}") = "Web Projects", "Web Projects", "{55BF0CDC-8251-4B41-A32A-65792DB4261D}"
EndProject
Project("{FAE04EC0-301F-11D3-BF4B-00C04F79EFBC}") = "RntCar.PaymentHelper", "RntCar.PaymentHelper\RntCar.PaymentHelper.csproj", "{4C0D3B9F-46E0-4EA4-BBAB-F08057D0088B}"
EndProject
Project("{FAE04EC0-301F-11D3-BF4B-00C04F79EFBC}") = "RntCar.RedisCacheHelper", "RntCar.RedisCacheHelper\RntCar.RedisCacheHelper.csproj", "{BF6332A3-4800-4BE6-9836-8AF321B9AF7B}"
EndProject
Project("{FAE04EC0-301F-11D3-BF4B-00C04F79EFBC}") = "RntCar.CrmWorkflows", "RntCar.CrmWorkflows\RntCar.CrmWorkflows.csproj", "{C9E64CC1-F693-4A1E-997D-940345A5F502}"
EndProject
Project("{FAE04EC0-301F-11D3-BF4B-00C04F79EFBC}") = "RntCar.AzureBlobStorage", "AzureBlobStorage\RntCar.AzureBlobStorage.csproj", "{EFAE3FB9-DAFB-4B37-9186-10F0F7AAFB36}"
EndProject
Project("{2150E333-8FDC-42A3-9474-1A3956D46DE8}") = "Assemblies", "Assemblies", "{8107327A-8D47-4756-83CB-CC82AF153C76}"
	ProjectSection(SolutionItems) = preProject
		Assemblies\Iyzipay.dll = Assemblies\Iyzipay.dll
		Assemblies\IyzipayV1.dll = Assemblies\IyzipayV1.dll
		Assemblies\Microsoft.Crm.Sdk.Proxy.dll = Assemblies\Microsoft.Crm.Sdk.Proxy.dll
		Assemblies\Microsoft.IdentityModel.Clients.ActiveDirectory.dll = Assemblies\Microsoft.IdentityModel.Clients.ActiveDirectory.dll
		Assemblies\Microsoft.IdentityModel.Clients.ActiveDirectory.WindowsForms.dll = Assemblies\Microsoft.IdentityModel.Clients.ActiveDirectory.WindowsForms.dll
		Assemblies\Microsoft.Rest.ClientRuntime.dll = Assemblies\Microsoft.Rest.ClientRuntime.dll
		Assemblies\Microsoft.Xrm.Sdk.Deployment.dll = Assemblies\Microsoft.Xrm.Sdk.Deployment.dll
		Assemblies\Microsoft.Xrm.Sdk.dll = Assemblies\Microsoft.Xrm.Sdk.dll
		Assemblies\Microsoft.Xrm.Sdk.Workflow.dll = Assemblies\Microsoft.Xrm.Sdk.Workflow.dll
		Assemblies\Microsoft.Xrm.Tooling.Connector.dll = Assemblies\Microsoft.Xrm.Tooling.Connector.dll
		Assemblies\MongoDB.Bson.dll = Assemblies\MongoDB.Bson.dll
		Assemblies\MongoDB.Driver.Core.dll = Assemblies\MongoDB.Driver.Core.dll
		Assemblies\MongoDB.Driver.dll = Assemblies\MongoDB.Driver.dll
		Assemblies\Newtonsoft.Json.dll = Assemblies\Newtonsoft.Json.dll
		Assemblies\RestSharp.dll = Assemblies\RestSharp.dll
	EndProjectSection
EndProject
Project("{FAE04EC0-301F-11D3-BF4B-00C04F79EFBC}") = "RntCar.DocumentStatusChanger", "RntCar.DocumentStatusChanger\RntCar.DocumentStatusChanger.csproj", "{22C09238-9D2A-492F-9BA8-C4691DACBBE4}"
EndProject
Project("{2150E333-8FDC-42A3-9474-1A3956D46DE8}") = "Scheduled Taks", "Scheduled Taks", "{5A728553-3673-42EC-920A-BBCCDA7F4B46}"
EndProject
Project("{FAE04EC0-301F-11D3-BF4B-00C04F79EFBC}") = "RntCar.MongoDBRecordUpdate", "MongoDBRecordUpdate\RntCar.MongoDBRecordUpdate.csproj", "{C4A38BE2-5F33-48CA-B868-554FF108D2AA}"
EndProject
Project("{FAE04EC0-301F-11D3-BF4B-00C04F79EFBC}") = "RntCar.Logger", "RntCar.Logger\RntCar.Logger.csproj", "{B537A097-D6D6-4034-BD15-DBE0FC67CD12}"
EndProject
Project("{FAE04EC0-301F-11D3-BF4B-00C04F79EFBC}") = "RntCar.DepositRefund", "RntCar.DepositRefund\RntCar.DepositRefund.csproj", "{F5A0F5D0-4AB9-42F9-99CA-A9204DE90BA5}"
EndProject
Project("{FAE04EC0-301F-11D3-BF4B-00C04F79EFBC}") = "RntCar.BackupPluginTraceLogs", "RntCar.BackupPluginTraceLogs\RntCar.BackupPluginTraceLogs.csproj", "{D8C06B51-C320-42D6-83D0-6A5249F238AA}"
EndProject
Project("{FAE04EC0-301F-11D3-BF4B-00C04F79EFBC}") = "RntCar.MakePaymentDebtContracts", "RntCar.MakePaymentDebtContracts\RntCar.MakePaymentDebtContracts.csproj", "{A140D619-4BC0-46CE-BAB3-2DD5175478D0}"
EndProject
Project("{FAE04EC0-301F-11D3-BF4B-00C04F79EFBC}") = "RntCar.MongoDBWebAPI", "RntCar.MongoDBWebAPI\RntCar.MongoDBWebAPI.csproj", "{65E908C0-38B8-4339-94A0-F510B2441C14}"
EndProject
Project("{FAE04EC0-301F-11D3-BF4B-00C04F79EFBC}") = "RntCar.ExternalServicesWebAPI", "RntCar.ExternalServicesWebAPI\RntCar.ExternalServicesWebAPI.csproj", "{A9698DCD-A0DF-4862-B285-270AFEF105F9}"
EndProject
Project("{FAE04EC0-301F-11D3-BF4B-00C04F79EFBC}") = "RntCar.MakePaymentHGS", "RntCar.MakePaymentHGS\RntCar.MakePaymentHGS.csproj", "{12874480-4DF7-4D9A-BEF0-923C70D19150}"
EndProject
Project("{FAE04EC0-301F-11D3-BF4B-00C04F79EFBC}") = "RntCar.IntegrationHelper", "RntCar.IntegrationHelper\RntCar.IntegrationHelper.csproj", "{590DAB83-27FF-491D-8B86-B56627EA0007}"
EndProject
Project("{FAE04EC0-301F-11D3-BF4B-00C04F79EFBC}") = "RntCar.MakePaymentTrafficFines", "RntCar.MakePaymentTrafficFines\RntCar.MakePaymentTrafficFines.csproj", "{D761BFCD-8283-4906-A669-C810D1F5E57D}"
EndProject
Project("{FAE04EC0-301F-11D3-BF4B-00C04F79EFBC}") = "RntCar.CalculateEquipmentAvailability", "RntCar.CalculateEquipmentAvailability\RntCar.CalculateEquipmentAvailability.csproj", "{0A500832-C3E6-4CEB-B049-569DD7EC3EED}"
EndProject
Project("{FAE04EC0-301F-11D3-BF4B-00C04F79EFBC}") = "RntCar.BonusCalculator", "RntCar.BonusCalculator\RntCar.BonusCalculator.csproj", "{85D6AD43-4415-42E8-B230-9B559F5D8FDF}"
EndProject
Project("{FAE04EC0-301F-11D3-BF4B-00C04F79EFBC}") = "RntCar.UpdateIsDebt", "RntCar.UpdateIsDebt\RntCar.UpdateIsDebt.csproj", "{A99AA845-0789-4169-8A3D-465C00E962EA}"
EndProject
Project("{FAE04EC0-301F-11D3-BF4B-00C04F79EFBC}") = "RntCar.BrokerServicesWebAPI", "RntCar.BrokerServicesWebAPI\RntCar.BrokerServicesWebAPI.csproj", "{A0592780-F652-464B-9AFC-B7D854865F01}"
EndProject
Project("{FAE04EC0-301F-11D3-BF4B-00C04F79EFBC}") = "RntCar.WriteServiceLogs", "RntCar.WriteServiceLogs\RntCar.WriteServiceLogs.csproj", "{014ABCB7-BAB4-4D00-8B47-42A00B7C42A1}"
EndProject
Project("{FAE04EC0-301F-11D3-BF4B-00C04F79EFBC}") = "RntCar.UpdateEquipmentsStatus", "RntCar.UpdateEquipmentsStatus\RntCar.UpdateEquipmentsStatus.csproj", "{BC9220EB-ED82-4FB5-A111-B6459780D849}"
EndProject
Project("{FAE04EC0-301F-11D3-BF4B-00C04F79EFBC}") = "RntCar.AbuseOfConfidence", "RntCar.AbuseOfConfidence\RntCar.AbuseOfConfidence.csproj", "{588851F3-F447-4BEB-9BC9-7F33FAD90E2A}"
EndProject
Project("{FAE04EC0-301F-11D3-BF4B-00C04F79EFBC}") = "RntCar.UpdateCreditCardSlip", "RntCar.UpdateCreditCardSlip\RntCar.UpdateCreditCardSlip.csproj", "{0EB44AC3-2DC1-4A57-8CF2-A2EB29D8FF59}"
EndProject
Project("{FAE04EC0-301F-11D3-BF4B-00C04F79EFBC}") = "RntCar.SendDebtMail", "RntCar.SendDebtMail\RntCar.SendDebtMail.csproj", "{B30531E9-4530-4E59-9EA8-6DDA0C4490D3}"
EndProject
Project("{FAE04EC0-301F-11D3-BF4B-00C04F79EFBC}") = "RntCar.FetchCurrencies", "FetchCurrencies\RntCar.FetchCurrencies.csproj", "{843958E1-9790-4D76-895A-DEDEFDDF34FA}"
EndProject
Project("{FAE04EC0-301F-11D3-BF4B-00C04F79EFBC}") = "RntCar.UploadDigitalSignature", "RntCar.UploadDigitalSignature\RntCar.UploadDigitalSignature.csproj", "{CB975579-E7D4-4AC5-B470-8FEC7F253C72}"
EndProject
Project("{FAE04EC0-301F-11D3-BF4B-00C04F79EFBC}") = "zRntCar.TestProject", "zRntCar.TestProject\zRntCar.TestProject.csproj", "{258035D5-7452-4DA7-8496-E5215DCF7B73}"
EndProject
Project("{FAE04EC0-301F-11D3-BF4B-00C04F79EFBC}") = "RntCar.ProcessInvoicesMonthly", "RntCar.ProcessInvoicesMonthly\RntCar.ProcessInvoicesMonthly.csproj", "{F7089145-1CC9-4CF5-A5AD-05EB8F3B886D}"
EndProject
Project("{2150E333-8FDC-42A3-9474-1A3956D46DE8}") = "PowerBI", "PowerBI", "{649C6205-8424-417C-A645-6FFFC18EC6F2}"
	ProjectSection(SolutionItems) = preProject
		PowerBI\araç gider.pbix = PowerBI\araç gider.pbix
		PowerBI\prim.pbix = PowerBI\prim.pbix
		PowerBI\reservation_summary.pbix = PowerBI\reservation_summary.pbix
	EndProjectSection
EndProject
Project("{FAE04EC0-301F-11D3-BF4B-00C04F79EFBC}") = "RntCar.Pegasus", "RntCar.Pegasus\RntCar.Pegasus.csproj", "{AA8223C0-1A1B-4E56-9E54-A4191228F007}"
EndProject
Project("{FAE04EC0-301F-11D3-BF4B-00C04F79EFBC}") = "RntCar.PegasusHandback", "RntCar.PegasusHandback\RntCar.PegasusHandback.csproj", "{F96027AB-59EE-4907-A9E3-2FAF6D1550EC}"
EndProject
Project("{FAE04EC0-301F-11D3-BF4B-00C04F79EFBC}") = "RntCar.LogoServicesWebAPI", "RntCar.LogoServicesWebAPI\RntCar.LogoServicesWebAPI.csproj", "{1A92E582-CBEC-43D0-885C-F0280759FA35}"
EndProject
Project("{FAE04EC0-301F-11D3-BF4B-00C04F79EFBC}") = "RntCar.OptimumIntegration", "RntCar.OptimumIntegration\RntCar.OptimumIntegration.csproj", "{10CBE222-D4AD-459F-A03F-9F43483087B5}"
EndProject
Project("{FAE04EC0-301F-11D3-BF4B-00C04F79EFBC}") = "RntCar.GetLogoBalance", "RntCar.GetLogoBalance\RntCar.GetLogoBalance.csproj", "{BD9F39BD-A83C-4C22-805B-1BFB9DA97711}"
EndProject
Project("{FAE04EC0-301F-11D3-BF4B-00C04F79EFBC}") = "RntCar.IYSServicesWebAPI", "RntCar.IYSServicesWebAPI\RntCar.IYSServicesWebAPI.csproj", "{31ECB789-8089-4103-88CF-A42FF75FC059}"
EndProject
Project("{FAE04EC0-301F-11D3-BF4B-00C04F79EFBC}") = "RntCar.ProcessHGSDifference", "RntCar.ProcessHGSDifference\RntCar.ProcessHGSDifference.csproj", "{2B10741C-8402-49F0-A368-63AFCBFB0A55}"
EndProject
Project("{FAE04EC0-301F-11D3-BF4B-00C04F79EFBC}") = "RntCar.SendInvoicestoLogo", "RntCar.SendInvoicestoMongoDB\RntCar.SendInvoicestoLogo.csproj", "{AC85976C-67D7-4B67-9912-463209D89217}"
EndProject
Project("{FAE04EC0-301F-11D3-BF4B-00C04F79EFBC}") = "RntCar.BrokerServicesWebXml", "RntCar.BrokerServicesWebXml\RntCar.BrokerServicesWebXml.csproj", "{A8076010-D0A3-4E09-8C65-3949F465FC05}"
EndProject
Project("{FAE04EC0-301F-11D3-BF4B-00C04F79EFBC}") = "RntCar.IyzicoIntegration", "RntCar.IyzicoIntegration\RntCar.IyzicoIntegration.csproj", "{1C7B777E-7B02-40F4-86D2-6701106463E5}"
EndProject
Project("{FAE04EC0-301F-11D3-BF4B-00C04F79EFBC}") = "RntCar.HGSFTPIntegration", "RntCar.HGSFTPIntegration\RntCar.HGSFTPIntegration.csproj", "{26AC25E8-CE7B-4B5F-BAF7-E02276CAD9EF}"
EndProject
Project("{FAE04EC0-301F-11D3-BF4B-00C04F79EFBC}") = "RntCar.KABISIntegration", "RntCar.KABISIntegration\RntCar.KABISIntegration.csproj", "{E992C597-A983-4A08-857F-8FC4A91BFE16}"
EndProject
Project("{FAE04EC0-301F-11D3-BF4B-00C04F79EFBC}") = "RntCar.ThreedSecureCheck", "RntCar.ThreedSecureCheck\RntCar.ThreedSecureCheck.csproj", "{4741DDAD-82A2-4872-A7C0-67E46CABE31D}"
EndProject
Project("{FAE04EC0-301F-11D3-BF4B-00C04F79EFBC}") = "RntCar.ReservationRefund", "RntCar.ReservationReturn\RntCar.ReservationRefund.csproj", "{26B2E5DF-4521-472E-A130-7018BDFFBC5D}"
EndProject
Project("{FAE04EC0-301F-11D3-BF4B-00C04F79EFBC}") = "RntCar.DailyFleetReport", "DailyFleetReport\RntCar.DailyFleetReport.csproj", "{E2264736-4837-4BB9-883A-DA91CFEA7083}"
EndProject
Project("{FAE04EC0-301F-11D3-BF4B-00C04F79EFBC}") = "RntCar.SendReportPDF", "RntCar.SendReportPDF\RntCar.SendReportPDF.csproj", "{BD7DB1E6-33B2-4305-9730-1026AF27D57C}"
EndProject
Project("{FAE04EC0-301F-11D3-BF4B-00C04F79EFBC}") = "RntCar.ClearPriceCalculationSummaries", "RntCar.ClearPriceCalculationSummaries\RntCar.ClearPriceCalculationSummaries.csproj", "{454F8830-7103-406C-BF6C-8BF5D03F88B6}"
EndProject
Project("{FAE04EC0-301F-11D3-BF4B-00C04F79EFBC}") = "RntCar.SendMongoDBFileSizeMail", "RntCar.SendMongoDBFileSizeMail\RntCar.SendMongoDBFileSizeMail.csproj", "{7FC465C0-76D2-4D9E-9D01-90E79C48A6A9}"
EndProject
Project("{FAE04EC0-301F-11D3-BF4B-00C04F79EFBC}") = "RntCar.LoyaltyJob", "RntCar.LoyaltyJob\RntCar.LoyaltyJob.csproj", "{ED2BB1CE-A238-4755-9E9A-0E2F2D34F659}"
EndProject
Global
	GlobalSection(SolutionConfigurationPlatforms) = preSolution
		Debug|Any CPU = Debug|Any CPU
		Release|Any CPU = Release|Any CPU
	EndGlobalSection
	GlobalSection(ProjectConfigurationPlatforms) = postSolution
		{A5660062-CBE5-4A3D-AA32-C68DB8D332E9}.Debug|Any CPU.ActiveCfg = Debug|Any CPU
		{A5660062-CBE5-4A3D-AA32-C68DB8D332E9}.Debug|Any CPU.Build.0 = Debug|Any CPU
		{A5660062-CBE5-4A3D-AA32-C68DB8D332E9}.Release|Any CPU.ActiveCfg = Release|Any CPU
		{A5660062-CBE5-4A3D-AA32-C68DB8D332E9}.Release|Any CPU.Build.0 = Release|Any CPU
		{26E45602-87F8-4CF4-A83C-967D988C9D1F}.Debug|Any CPU.ActiveCfg = Debug|Any CPU
		{26E45602-87F8-4CF4-A83C-967D988C9D1F}.Debug|Any CPU.Build.0 = Debug|Any CPU
		{26E45602-87F8-4CF4-A83C-967D988C9D1F}.Release|Any CPU.ActiveCfg = Release|Any CPU
		{26E45602-87F8-4CF4-A83C-967D988C9D1F}.Release|Any CPU.Build.0 = Release|Any CPU
		{77BB0D97-6487-4202-821F-0DC2D08C9053}.Debug|Any CPU.ActiveCfg = Debug|Any CPU
		{77BB0D97-6487-4202-821F-0DC2D08C9053}.Debug|Any CPU.Build.0 = Debug|Any CPU
		{77BB0D97-6487-4202-821F-0DC2D08C9053}.Release|Any CPU.ActiveCfg = Release|Any CPU
		{77BB0D97-6487-4202-821F-0DC2D08C9053}.Release|Any CPU.Build.0 = Release|Any CPU
		{9881C6D3-7478-41DA-A63F-0CE4304E8E92}.Debug|Any CPU.ActiveCfg = Debug|Any CPU
		{9881C6D3-7478-41DA-A63F-0CE4304E8E92}.Debug|Any CPU.Build.0 = Debug|Any CPU
		{9881C6D3-7478-41DA-A63F-0CE4304E8E92}.Release|Any CPU.ActiveCfg = Release|Any CPU
		{9881C6D3-7478-41DA-A63F-0CE4304E8E92}.Release|Any CPU.Build.0 = Release|Any CPU
		{3A2418F2-219B-4081-A903-260DA5CF7E84}.Debug|Any CPU.ActiveCfg = Debug|Any CPU
		{3A2418F2-219B-4081-A903-260DA5CF7E84}.Debug|Any CPU.Build.0 = Debug|Any CPU
		{3A2418F2-219B-4081-A903-260DA5CF7E84}.Release|Any CPU.ActiveCfg = Release|Any CPU
		{3A2418F2-219B-4081-A903-260DA5CF7E84}.Release|Any CPU.Build.0 = Release|Any CPU
		{F683728F-8C77-40E2-BE8F-4DC112DB8B54}.Debug|Any CPU.ActiveCfg = Debug|Any CPU
		{F683728F-8C77-40E2-BE8F-4DC112DB8B54}.Debug|Any CPU.Build.0 = Debug|Any CPU
		{F683728F-8C77-40E2-BE8F-4DC112DB8B54}.Release|Any CPU.ActiveCfg = Release|Any CPU
		{F683728F-8C77-40E2-BE8F-4DC112DB8B54}.Release|Any CPU.Build.0 = Release|Any CPU
		{4C0D3B9F-46E0-4EA4-BBAB-F08057D0088B}.Debug|Any CPU.ActiveCfg = Debug|Any CPU
		{4C0D3B9F-46E0-4EA4-BBAB-F08057D0088B}.Debug|Any CPU.Build.0 = Debug|Any CPU
		{4C0D3B9F-46E0-4EA4-BBAB-F08057D0088B}.Release|Any CPU.ActiveCfg = Release|Any CPU
		{4C0D3B9F-46E0-4EA4-BBAB-F08057D0088B}.Release|Any CPU.Build.0 = Release|Any CPU
		{BF6332A3-4800-4BE6-9836-8AF321B9AF7B}.Debug|Any CPU.ActiveCfg = Debug|Any CPU
		{BF6332A3-4800-4BE6-9836-8AF321B9AF7B}.Debug|Any CPU.Build.0 = Debug|Any CPU
		{BF6332A3-4800-4BE6-9836-8AF321B9AF7B}.Release|Any CPU.ActiveCfg = Release|Any CPU
		{BF6332A3-4800-4BE6-9836-8AF321B9AF7B}.Release|Any CPU.Build.0 = Release|Any CPU
		{C9E64CC1-F693-4A1E-997D-940345A5F502}.Debug|Any CPU.ActiveCfg = Debug|Any CPU
		{C9E64CC1-F693-4A1E-997D-940345A5F502}.Debug|Any CPU.Build.0 = Debug|Any CPU
		{C9E64CC1-F693-4A1E-997D-940345A5F502}.Release|Any CPU.ActiveCfg = Release|Any CPU
		{C9E64CC1-F693-4A1E-997D-940345A5F502}.Release|Any CPU.Build.0 = Release|Any CPU
		{EFAE3FB9-DAFB-4B37-9186-10F0F7AAFB36}.Debug|Any CPU.ActiveCfg = Debug|Any CPU
		{EFAE3FB9-DAFB-4B37-9186-10F0F7AAFB36}.Debug|Any CPU.Build.0 = Debug|Any CPU
		{EFAE3FB9-DAFB-4B37-9186-10F0F7AAFB36}.Release|Any CPU.ActiveCfg = Release|Any CPU
		{EFAE3FB9-DAFB-4B37-9186-10F0F7AAFB36}.Release|Any CPU.Build.0 = Release|Any CPU
		{22C09238-9D2A-492F-9BA8-C4691DACBBE4}.Debug|Any CPU.ActiveCfg = Debug|Any CPU
		{22C09238-9D2A-492F-9BA8-C4691DACBBE4}.Debug|Any CPU.Build.0 = Debug|Any CPU
		{22C09238-9D2A-492F-9BA8-C4691DACBBE4}.Release|Any CPU.ActiveCfg = Release|Any CPU
		{22C09238-9D2A-492F-9BA8-C4691DACBBE4}.Release|Any CPU.Build.0 = Release|Any CPU
		{C4A38BE2-5F33-48CA-B868-554FF108D2AA}.Debug|Any CPU.ActiveCfg = Debug|Any CPU
		{C4A38BE2-5F33-48CA-B868-554FF108D2AA}.Debug|Any CPU.Build.0 = Debug|Any CPU
		{C4A38BE2-5F33-48CA-B868-554FF108D2AA}.Release|Any CPU.ActiveCfg = Release|Any CPU
		{C4A38BE2-5F33-48CA-B868-554FF108D2AA}.Release|Any CPU.Build.0 = Release|Any CPU
		{B537A097-D6D6-4034-BD15-DBE0FC67CD12}.Debug|Any CPU.ActiveCfg = Debug|Any CPU
		{B537A097-D6D6-4034-BD15-DBE0FC67CD12}.Debug|Any CPU.Build.0 = Debug|Any CPU
		{B537A097-D6D6-4034-BD15-DBE0FC67CD12}.Release|Any CPU.ActiveCfg = Release|Any CPU
		{B537A097-D6D6-4034-BD15-DBE0FC67CD12}.Release|Any CPU.Build.0 = Release|Any CPU
		{F5A0F5D0-4AB9-42F9-99CA-A9204DE90BA5}.Debug|Any CPU.ActiveCfg = Debug|Any CPU
		{F5A0F5D0-4AB9-42F9-99CA-A9204DE90BA5}.Debug|Any CPU.Build.0 = Debug|Any CPU
		{F5A0F5D0-4AB9-42F9-99CA-A9204DE90BA5}.Release|Any CPU.ActiveCfg = Release|Any CPU
		{F5A0F5D0-4AB9-42F9-99CA-A9204DE90BA5}.Release|Any CPU.Build.0 = Release|Any CPU
		{D8C06B51-C320-42D6-83D0-6A5249F238AA}.Debug|Any CPU.ActiveCfg = Debug|Any CPU
		{D8C06B51-C320-42D6-83D0-6A5249F238AA}.Debug|Any CPU.Build.0 = Debug|Any CPU
		{D8C06B51-C320-42D6-83D0-6A5249F238AA}.Release|Any CPU.ActiveCfg = Release|Any CPU
		{D8C06B51-C320-42D6-83D0-6A5249F238AA}.Release|Any CPU.Build.0 = Release|Any CPU
		{A140D619-4BC0-46CE-BAB3-2DD5175478D0}.Debug|Any CPU.ActiveCfg = Debug|Any CPU
		{A140D619-4BC0-46CE-BAB3-2DD5175478D0}.Debug|Any CPU.Build.0 = Debug|Any CPU
		{A140D619-4BC0-46CE-BAB3-2DD5175478D0}.Release|Any CPU.ActiveCfg = Release|Any CPU
		{A140D619-4BC0-46CE-BAB3-2DD5175478D0}.Release|Any CPU.Build.0 = Release|Any CPU
		{65E908C0-38B8-4339-94A0-F510B2441C14}.Debug|Any CPU.ActiveCfg = Debug|Any CPU
		{65E908C0-38B8-4339-94A0-F510B2441C14}.Debug|Any CPU.Build.0 = Debug|Any CPU
		{65E908C0-38B8-4339-94A0-F510B2441C14}.Release|Any CPU.ActiveCfg = Release|Any CPU
		{65E908C0-38B8-4339-94A0-F510B2441C14}.Release|Any CPU.Build.0 = Release|Any CPU
		{A9698DCD-A0DF-4862-B285-270AFEF105F9}.Debug|Any CPU.ActiveCfg = Debug|Any CPU
		{A9698DCD-A0DF-4862-B285-270AFEF105F9}.Debug|Any CPU.Build.0 = Debug|Any CPU
		{A9698DCD-A0DF-4862-B285-270AFEF105F9}.Release|Any CPU.ActiveCfg = Release|Any CPU
		{A9698DCD-A0DF-4862-B285-270AFEF105F9}.Release|Any CPU.Build.0 = Release|Any CPU
		{12874480-4DF7-4D9A-BEF0-923C70D19150}.Debug|Any CPU.ActiveCfg = Debug|Any CPU
		{12874480-4DF7-4D9A-BEF0-923C70D19150}.Debug|Any CPU.Build.0 = Debug|Any CPU
		{12874480-4DF7-4D9A-BEF0-923C70D19150}.Release|Any CPU.ActiveCfg = Release|Any CPU
		{12874480-4DF7-4D9A-BEF0-923C70D19150}.Release|Any CPU.Build.0 = Release|Any CPU
		{590DAB83-27FF-491D-8B86-B56627EA0007}.Debug|Any CPU.ActiveCfg = Debug|Any CPU
		{590DAB83-27FF-491D-8B86-B56627EA0007}.Debug|Any CPU.Build.0 = Debug|Any CPU
		{590DAB83-27FF-491D-8B86-B56627EA0007}.Release|Any CPU.ActiveCfg = Release|Any CPU
		{590DAB83-27FF-491D-8B86-B56627EA0007}.Release|Any CPU.Build.0 = Release|Any CPU
		{D761BFCD-8283-4906-A669-C810D1F5E57D}.Debug|Any CPU.ActiveCfg = Debug|Any CPU
		{D761BFCD-8283-4906-A669-C810D1F5E57D}.Debug|Any CPU.Build.0 = Debug|Any CPU
		{D761BFCD-8283-4906-A669-C810D1F5E57D}.Release|Any CPU.ActiveCfg = Release|Any CPU
		{D761BFCD-8283-4906-A669-C810D1F5E57D}.Release|Any CPU.Build.0 = Release|Any CPU
		{0A500832-C3E6-4CEB-B049-569DD7EC3EED}.Debug|Any CPU.ActiveCfg = Debug|Any CPU
		{0A500832-C3E6-4CEB-B049-569DD7EC3EED}.Debug|Any CPU.Build.0 = Debug|Any CPU
		{0A500832-C3E6-4CEB-B049-569DD7EC3EED}.Release|Any CPU.ActiveCfg = Release|Any CPU
		{0A500832-C3E6-4CEB-B049-569DD7EC3EED}.Release|Any CPU.Build.0 = Release|Any CPU
		{85D6AD43-4415-42E8-B230-9B559F5D8FDF}.Debug|Any CPU.ActiveCfg = Debug|Any CPU
		{85D6AD43-4415-42E8-B230-9B559F5D8FDF}.Debug|Any CPU.Build.0 = Debug|Any CPU
		{85D6AD43-4415-42E8-B230-9B559F5D8FDF}.Release|Any CPU.ActiveCfg = Release|Any CPU
		{85D6AD43-4415-42E8-B230-9B559F5D8FDF}.Release|Any CPU.Build.0 = Release|Any CPU
		{A99AA845-0789-4169-8A3D-465C00E962EA}.Debug|Any CPU.ActiveCfg = Debug|Any CPU
		{A99AA845-0789-4169-8A3D-465C00E962EA}.Debug|Any CPU.Build.0 = Debug|Any CPU
		{A99AA845-0789-4169-8A3D-465C00E962EA}.Release|Any CPU.ActiveCfg = Release|Any CPU
		{A99AA845-0789-4169-8A3D-465C00E962EA}.Release|Any CPU.Build.0 = Release|Any CPU
		{A0592780-F652-464B-9AFC-B7D854865F01}.Debug|Any CPU.ActiveCfg = Debug|Any CPU
		{A0592780-F652-464B-9AFC-B7D854865F01}.Debug|Any CPU.Build.0 = Debug|Any CPU
		{A0592780-F652-464B-9AFC-B7D854865F01}.Release|Any CPU.ActiveCfg = Release|Any CPU
		{A0592780-F652-464B-9AFC-B7D854865F01}.Release|Any CPU.Build.0 = Release|Any CPU
		{014ABCB7-BAB4-4D00-8B47-42A00B7C42A1}.Debug|Any CPU.ActiveCfg = Debug|Any CPU
		{014ABCB7-BAB4-4D00-8B47-42A00B7C42A1}.Debug|Any CPU.Build.0 = Debug|Any CPU
		{014ABCB7-BAB4-4D00-8B47-42A00B7C42A1}.Release|Any CPU.ActiveCfg = Release|Any CPU
		{014ABCB7-BAB4-4D00-8B47-42A00B7C42A1}.Release|Any CPU.Build.0 = Release|Any CPU
		{BC9220EB-ED82-4FB5-A111-B6459780D849}.Debug|Any CPU.ActiveCfg = Debug|Any CPU
		{BC9220EB-ED82-4FB5-A111-B6459780D849}.Debug|Any CPU.Build.0 = Debug|Any CPU
		{BC9220EB-ED82-4FB5-A111-B6459780D849}.Release|Any CPU.ActiveCfg = Release|Any CPU
		{BC9220EB-ED82-4FB5-A111-B6459780D849}.Release|Any CPU.Build.0 = Release|Any CPU
		{588851F3-F447-4BEB-9BC9-7F33FAD90E2A}.Debug|Any CPU.ActiveCfg = Debug|Any CPU
		{588851F3-F447-4BEB-9BC9-7F33FAD90E2A}.Debug|Any CPU.Build.0 = Debug|Any CPU
		{588851F3-F447-4BEB-9BC9-7F33FAD90E2A}.Release|Any CPU.ActiveCfg = Release|Any CPU
		{588851F3-F447-4BEB-9BC9-7F33FAD90E2A}.Release|Any CPU.Build.0 = Release|Any CPU
		{0EB44AC3-2DC1-4A57-8CF2-A2EB29D8FF59}.Debug|Any CPU.ActiveCfg = Debug|Any CPU
		{0EB44AC3-2DC1-4A57-8CF2-A2EB29D8FF59}.Debug|Any CPU.Build.0 = Debug|Any CPU
		{0EB44AC3-2DC1-4A57-8CF2-A2EB29D8FF59}.Release|Any CPU.ActiveCfg = Release|Any CPU
		{0EB44AC3-2DC1-4A57-8CF2-A2EB29D8FF59}.Release|Any CPU.Build.0 = Release|Any CPU
		{B30531E9-4530-4E59-9EA8-6DDA0C4490D3}.Debug|Any CPU.ActiveCfg = Debug|Any CPU
		{B30531E9-4530-4E59-9EA8-6DDA0C4490D3}.Debug|Any CPU.Build.0 = Debug|Any CPU
		{B30531E9-4530-4E59-9EA8-6DDA0C4490D3}.Release|Any CPU.ActiveCfg = Release|Any CPU
		{B30531E9-4530-4E59-9EA8-6DDA0C4490D3}.Release|Any CPU.Build.0 = Release|Any CPU
		{843958E1-9790-4D76-895A-DEDEFDDF34FA}.Debug|Any CPU.ActiveCfg = Debug|Any CPU
		{843958E1-9790-4D76-895A-DEDEFDDF34FA}.Debug|Any CPU.Build.0 = Debug|Any CPU
		{843958E1-9790-4D76-895A-DEDEFDDF34FA}.Release|Any CPU.ActiveCfg = Release|Any CPU
		{843958E1-9790-4D76-895A-DEDEFDDF34FA}.Release|Any CPU.Build.0 = Release|Any CPU
		{CB975579-E7D4-4AC5-B470-8FEC7F253C72}.Debug|Any CPU.ActiveCfg = Debug|Any CPU
		{CB975579-E7D4-4AC5-B470-8FEC7F253C72}.Debug|Any CPU.Build.0 = Debug|Any CPU
		{CB975579-E7D4-4AC5-B470-8FEC7F253C72}.Release|Any CPU.ActiveCfg = Release|Any CPU
		{CB975579-E7D4-4AC5-B470-8FEC7F253C72}.Release|Any CPU.Build.0 = Release|Any CPU
		{258035D5-7452-4DA7-8496-E5215DCF7B73}.Debug|Any CPU.ActiveCfg = Debug|Any CPU
		{258035D5-7452-4DA7-8496-E5215DCF7B73}.Debug|Any CPU.Build.0 = Debug|Any CPU
		{258035D5-7452-4DA7-8496-E5215DCF7B73}.Release|Any CPU.ActiveCfg = Release|Any CPU
		{258035D5-7452-4DA7-8496-E5215DCF7B73}.Release|Any CPU.Build.0 = Release|Any CPU
		{F7089145-1CC9-4CF5-A5AD-05EB8F3B886D}.Debug|Any CPU.ActiveCfg = Debug|Any CPU
		{F7089145-1CC9-4CF5-A5AD-05EB8F3B886D}.Debug|Any CPU.Build.0 = Debug|Any CPU
		{F7089145-1CC9-4CF5-A5AD-05EB8F3B886D}.Release|Any CPU.ActiveCfg = Release|Any CPU
		{F7089145-1CC9-4CF5-A5AD-05EB8F3B886D}.Release|Any CPU.Build.0 = Release|Any CPU
		{AA8223C0-1A1B-4E56-9E54-A4191228F007}.Debug|Any CPU.ActiveCfg = Debug|Any CPU
		{AA8223C0-1A1B-4E56-9E54-A4191228F007}.Debug|Any CPU.Build.0 = Debug|Any CPU
		{AA8223C0-1A1B-4E56-9E54-A4191228F007}.Release|Any CPU.ActiveCfg = Release|Any CPU
		{AA8223C0-1A1B-4E56-9E54-A4191228F007}.Release|Any CPU.Build.0 = Release|Any CPU
		{F96027AB-59EE-4907-A9E3-2FAF6D1550EC}.Debug|Any CPU.ActiveCfg = Debug|Any CPU
		{F96027AB-59EE-4907-A9E3-2FAF6D1550EC}.Debug|Any CPU.Build.0 = Debug|Any CPU
		{F96027AB-59EE-4907-A9E3-2FAF6D1550EC}.Release|Any CPU.ActiveCfg = Release|Any CPU
		{F96027AB-59EE-4907-A9E3-2FAF6D1550EC}.Release|Any CPU.Build.0 = Release|Any CPU
		{1A92E582-CBEC-43D0-885C-F0280759FA35}.Debug|Any CPU.ActiveCfg = Debug|Any CPU
		{1A92E582-CBEC-43D0-885C-F0280759FA35}.Debug|Any CPU.Build.0 = Debug|Any CPU
		{1A92E582-CBEC-43D0-885C-F0280759FA35}.Release|Any CPU.ActiveCfg = Release|Any CPU
		{1A92E582-CBEC-43D0-885C-F0280759FA35}.Release|Any CPU.Build.0 = Release|Any CPU
		{10CBE222-D4AD-459F-A03F-9F43483087B5}.Debug|Any CPU.ActiveCfg = Debug|Any CPU
		{10CBE222-D4AD-459F-A03F-9F43483087B5}.Debug|Any CPU.Build.0 = Debug|Any CPU
		{10CBE222-D4AD-459F-A03F-9F43483087B5}.Release|Any CPU.ActiveCfg = Release|Any CPU
		{10CBE222-D4AD-459F-A03F-9F43483087B5}.Release|Any CPU.Build.0 = Release|Any CPU
		{BD9F39BD-A83C-4C22-805B-1BFB9DA97711}.Debug|Any CPU.ActiveCfg = Debug|Any CPU
		{BD9F39BD-A83C-4C22-805B-1BFB9DA97711}.Debug|Any CPU.Build.0 = Debug|Any CPU
		{BD9F39BD-A83C-4C22-805B-1BFB9DA97711}.Release|Any CPU.ActiveCfg = Release|Any CPU
		{BD9F39BD-A83C-4C22-805B-1BFB9DA97711}.Release|Any CPU.Build.0 = Release|Any CPU
		{31ECB789-8089-4103-88CF-A42FF75FC059}.Debug|Any CPU.ActiveCfg = Debug|Any CPU
		{31ECB789-8089-4103-88CF-A42FF75FC059}.Debug|Any CPU.Build.0 = Debug|Any CPU
		{31ECB789-8089-4103-88CF-A42FF75FC059}.Release|Any CPU.ActiveCfg = Release|Any CPU
		{31ECB789-8089-4103-88CF-A42FF75FC059}.Release|Any CPU.Build.0 = Release|Any CPU
		{2B10741C-8402-49F0-A368-63AFCBFB0A55}.Debug|Any CPU.ActiveCfg = Debug|Any CPU
		{2B10741C-8402-49F0-A368-63AFCBFB0A55}.Debug|Any CPU.Build.0 = Debug|Any CPU
		{2B10741C-8402-49F0-A368-63AFCBFB0A55}.Release|Any CPU.ActiveCfg = Release|Any CPU
		{2B10741C-8402-49F0-A368-63AFCBFB0A55}.Release|Any CPU.Build.0 = Release|Any CPU
		{AC85976C-67D7-4B67-9912-463209D89217}.Debug|Any CPU.ActiveCfg = Debug|Any CPU
		{AC85976C-67D7-4B67-9912-463209D89217}.Debug|Any CPU.Build.0 = Debug|Any CPU
		{AC85976C-67D7-4B67-9912-463209D89217}.Release|Any CPU.ActiveCfg = Release|Any CPU
		{AC85976C-67D7-4B67-9912-463209D89217}.Release|Any CPU.Build.0 = Release|Any CPU
		{A8076010-D0A3-4E09-8C65-3949F465FC05}.Debug|Any CPU.ActiveCfg = Debug|Any CPU
		{A8076010-D0A3-4E09-8C65-3949F465FC05}.Debug|Any CPU.Build.0 = Debug|Any CPU
		{A8076010-D0A3-4E09-8C65-3949F465FC05}.Release|Any CPU.ActiveCfg = Release|Any CPU
		{A8076010-D0A3-4E09-8C65-3949F465FC05}.Release|Any CPU.Build.0 = Release|Any CPU
		{1C7B777E-7B02-40F4-86D2-6701106463E5}.Debug|Any CPU.ActiveCfg = Debug|Any CPU
		{1C7B777E-7B02-40F4-86D2-6701106463E5}.Debug|Any CPU.Build.0 = Debug|Any CPU
		{1C7B777E-7B02-40F4-86D2-6701106463E5}.Release|Any CPU.ActiveCfg = Release|Any CPU
		{1C7B777E-7B02-40F4-86D2-6701106463E5}.Release|Any CPU.Build.0 = Release|Any CPU
		{26AC25E8-CE7B-4B5F-BAF7-E02276CAD9EF}.Debug|Any CPU.ActiveCfg = Debug|Any CPU
		{26AC25E8-CE7B-4B5F-BAF7-E02276CAD9EF}.Debug|Any CPU.Build.0 = Debug|Any CPU
		{26AC25E8-CE7B-4B5F-BAF7-E02276CAD9EF}.Release|Any CPU.ActiveCfg = Release|Any CPU
		{26AC25E8-CE7B-4B5F-BAF7-E02276CAD9EF}.Release|Any CPU.Build.0 = Release|Any CPU
		{E992C597-A983-4A08-857F-8FC4A91BFE16}.Debug|Any CPU.ActiveCfg = Debug|Any CPU
		{E992C597-A983-4A08-857F-8FC4A91BFE16}.Debug|Any CPU.Build.0 = Debug|Any CPU
		{E992C597-A983-4A08-857F-8FC4A91BFE16}.Release|Any CPU.ActiveCfg = Release|Any CPU
		{E992C597-A983-4A08-857F-8FC4A91BFE16}.Release|Any CPU.Build.0 = Release|Any CPU
		{4741DDAD-82A2-4872-A7C0-67E46CABE31D}.Debug|Any CPU.ActiveCfg = Debug|Any CPU
		{4741DDAD-82A2-4872-A7C0-67E46CABE31D}.Debug|Any CPU.Build.0 = Debug|Any CPU
		{4741DDAD-82A2-4872-A7C0-67E46CABE31D}.Release|Any CPU.ActiveCfg = Release|Any CPU
		{4741DDAD-82A2-4872-A7C0-67E46CABE31D}.Release|Any CPU.Build.0 = Release|Any CPU
		{26B2E5DF-4521-472E-A130-7018BDFFBC5D}.Debug|Any CPU.ActiveCfg = Debug|Any CPU
		{26B2E5DF-4521-472E-A130-7018BDFFBC5D}.Debug|Any CPU.Build.0 = Debug|Any CPU
		{26B2E5DF-4521-472E-A130-7018BDFFBC5D}.Release|Any CPU.ActiveCfg = Release|Any CPU
		{26B2E5DF-4521-472E-A130-7018BDFFBC5D}.Release|Any CPU.Build.0 = Release|Any CPU
		{E2264736-4837-4BB9-883A-DA91CFEA7083}.Debug|Any CPU.ActiveCfg = Debug|Any CPU
		{E2264736-4837-4BB9-883A-DA91CFEA7083}.Debug|Any CPU.Build.0 = Debug|Any CPU
		{E2264736-4837-4BB9-883A-DA91CFEA7083}.Release|Any CPU.ActiveCfg = Release|Any CPU
		{E2264736-4837-4BB9-883A-DA91CFEA7083}.Release|Any CPU.Build.0 = Release|Any CPU
		{BD7DB1E6-33B2-4305-9730-1026AF27D57C}.Debug|Any CPU.ActiveCfg = Debug|Any CPU
		{BD7DB1E6-33B2-4305-9730-1026AF27D57C}.Debug|Any CPU.Build.0 = Debug|Any CPU
		{BD7DB1E6-33B2-4305-9730-1026AF27D57C}.Release|Any CPU.ActiveCfg = Release|Any CPU
		{BD7DB1E6-33B2-4305-9730-1026AF27D57C}.Release|Any CPU.Build.0 = Release|Any CPU
		{454F8830-7103-406C-BF6C-8BF5D03F88B6}.Debug|Any CPU.ActiveCfg = Debug|Any CPU
		{454F8830-7103-406C-BF6C-8BF5D03F88B6}.Debug|Any CPU.Build.0 = Debug|Any CPU
		{454F8830-7103-406C-BF6C-8BF5D03F88B6}.Release|Any CPU.ActiveCfg = Release|Any CPU
		{454F8830-7103-406C-BF6C-8BF5D03F88B6}.Release|Any CPU.Build.0 = Release|Any CPU
		{7FC465C0-76D2-4D9E-9D01-90E79C48A6A9}.Debug|Any CPU.ActiveCfg = Debug|Any CPU
		{7FC465C0-76D2-4D9E-9D01-90E79C48A6A9}.Debug|Any CPU.Build.0 = Debug|Any CPU
		{7FC465C0-76D2-4D9E-9D01-90E79C48A6A9}.Release|Any CPU.ActiveCfg = Release|Any CPU
		{7FC465C0-76D2-4D9E-9D01-90E79C48A6A9}.Release|Any CPU.Build.0 = Release|Any CPU
		{ED2BB1CE-A238-4755-9E9A-0E2F2D34F659}.Debug|Any CPU.ActiveCfg = Debug|Any CPU
		{ED2BB1CE-A238-4755-9E9A-0E2F2D34F659}.Debug|Any CPU.Build.0 = Debug|Any CPU
		{ED2BB1CE-A238-4755-9E9A-0E2F2D34F659}.Release|Any CPU.ActiveCfg = Release|Any CPU
		{ED2BB1CE-A238-4755-9E9A-0E2F2D34F659}.Release|Any CPU.Build.0 = Release|Any CPU
	EndGlobalSection
	GlobalSection(SolutionProperties) = preSolution
		HideSolutionNode = FALSE
	EndGlobalSection
	GlobalSection(NestedProjects) = preSolution
		{A5660062-CBE5-4A3D-AA32-C68DB8D332E9} = {BD5FBC60-9D29-41ED-9AB3-6F8734691A9E}
		{26E45602-87F8-4CF4-A83C-967D988C9D1F} = {BD5FBC60-9D29-41ED-9AB3-6F8734691A9E}
		{77BB0D97-6487-4202-821F-0DC2D08C9053} = {BD5FBC60-9D29-41ED-9AB3-6F8734691A9E}
		{9881C6D3-7478-41DA-A63F-0CE4304E8E92} = {BD5FBC60-9D29-41ED-9AB3-6F8734691A9E}
		{3A2418F2-219B-4081-A903-260DA5CF7E84} = {783D3D80-1B11-4D5F-97ED-966DFDEBA0B8}
		{F683728F-8C77-40E2-BE8F-4DC112DB8B54} = {783D3D80-1B11-4D5F-97ED-966DFDEBA0B8}
		{4C0D3B9F-46E0-4EA4-BBAB-F08057D0088B} = {BD5FBC60-9D29-41ED-9AB3-6F8734691A9E}
		{BF6332A3-4800-4BE6-9836-8AF321B9AF7B} = {BD5FBC60-9D29-41ED-9AB3-6F8734691A9E}
		{C9E64CC1-F693-4A1E-997D-940345A5F502} = {783D3D80-1B11-4D5F-97ED-966DFDEBA0B8}
		{EFAE3FB9-DAFB-4B37-9186-10F0F7AAFB36} = {BD5FBC60-9D29-41ED-9AB3-6F8734691A9E}
		{22C09238-9D2A-492F-9BA8-C4691DACBBE4} = {5A728553-3673-42EC-920A-BBCCDA7F4B46}
		{C4A38BE2-5F33-48CA-B868-554FF108D2AA} = {5A728553-3673-42EC-920A-BBCCDA7F4B46}
		{B537A097-D6D6-4034-BD15-DBE0FC67CD12} = {BD5FBC60-9D29-41ED-9AB3-6F8734691A9E}
		{F5A0F5D0-4AB9-42F9-99CA-A9204DE90BA5} = {5A728553-3673-42EC-920A-BBCCDA7F4B46}
		{D8C06B51-C320-42D6-83D0-6A5249F238AA} = {5A728553-3673-42EC-920A-BBCCDA7F4B46}
		{A140D619-4BC0-46CE-BAB3-2DD5175478D0} = {5A728553-3673-42EC-920A-BBCCDA7F4B46}
		{65E908C0-38B8-4339-94A0-F510B2441C14} = {55BF0CDC-8251-4B41-A32A-65792DB4261D}
		{A9698DCD-A0DF-4862-B285-270AFEF105F9} = {55BF0CDC-8251-4B41-A32A-65792DB4261D}
		{12874480-4DF7-4D9A-BEF0-923C70D19150} = {5A728553-3673-42EC-920A-BBCCDA7F4B46}
		{590DAB83-27FF-491D-8B86-B56627EA0007} = {BD5FBC60-9D29-41ED-9AB3-6F8734691A9E}
		{D761BFCD-8283-4906-A669-C810D1F5E57D} = {5A728553-3673-42EC-920A-BBCCDA7F4B46}
		{0A500832-C3E6-4CEB-B049-569DD7EC3EED} = {5A728553-3673-42EC-920A-BBCCDA7F4B46}
		{85D6AD43-4415-42E8-B230-9B559F5D8FDF} = {5A728553-3673-42EC-920A-BBCCDA7F4B46}
		{A99AA845-0789-4169-8A3D-465C00E962EA} = {5A728553-3673-42EC-920A-BBCCDA7F4B46}
		{A0592780-F652-464B-9AFC-B7D854865F01} = {55BF0CDC-8251-4B41-A32A-65792DB4261D}
		{014ABCB7-BAB4-4D00-8B47-42A00B7C42A1} = {5A728553-3673-42EC-920A-BBCCDA7F4B46}
		{BC9220EB-ED82-4FB5-A111-B6459780D849} = {5A728553-3673-42EC-920A-BBCCDA7F4B46}
		{588851F3-F447-4BEB-9BC9-7F33FAD90E2A} = {5A728553-3673-42EC-920A-BBCCDA7F4B46}
		{0EB44AC3-2DC1-4A57-8CF2-A2EB29D8FF59} = {5A728553-3673-42EC-920A-BBCCDA7F4B46}
		{B30531E9-4530-4E59-9EA8-6DDA0C4490D3} = {5A728553-3673-42EC-920A-BBCCDA7F4B46}
		{843958E1-9790-4D76-895A-DEDEFDDF34FA} = {5A728553-3673-42EC-920A-BBCCDA7F4B46}
		{CB975579-E7D4-4AC5-B470-8FEC7F253C72} = {5A728553-3673-42EC-920A-BBCCDA7F4B46}
		{F7089145-1CC9-4CF5-A5AD-05EB8F3B886D} = {5A728553-3673-42EC-920A-BBCCDA7F4B46}
		{AA8223C0-1A1B-4E56-9E54-A4191228F007} = {5A728553-3673-42EC-920A-BBCCDA7F4B46}
		{F96027AB-59EE-4907-A9E3-2FAF6D1550EC} = {5A728553-3673-42EC-920A-BBCCDA7F4B46}
		{1A92E582-CBEC-43D0-885C-F0280759FA35} = {55BF0CDC-8251-4B41-A32A-65792DB4261D}
		{10CBE222-D4AD-459F-A03F-9F43483087B5} = {5A728553-3673-42EC-920A-BBCCDA7F4B46}
		{BD9F39BD-A83C-4C22-805B-1BFB9DA97711} = {5A728553-3673-42EC-920A-BBCCDA7F4B46}
		{31ECB789-8089-4103-88CF-A42FF75FC059} = {55BF0CDC-8251-4B41-A32A-65792DB4261D}
		{2B10741C-8402-49F0-A368-63AFCBFB0A55} = {5A728553-3673-42EC-920A-BBCCDA7F4B46}
		{AC85976C-67D7-4B67-9912-463209D89217} = {5A728553-3673-42EC-920A-BBCCDA7F4B46}
		{A8076010-D0A3-4E09-8C65-3949F465FC05} = {55BF0CDC-8251-4B41-A32A-65792DB4261D}
		{1C7B777E-7B02-40F4-86D2-6701106463E5} = {5A728553-3673-42EC-920A-BBCCDA7F4B46}
		{26AC25E8-CE7B-4B5F-BAF7-E02276CAD9EF} = {5A728553-3673-42EC-920A-BBCCDA7F4B46}
		{E992C597-A983-4A08-857F-8FC4A91BFE16} = {5A728553-3673-42EC-920A-BBCCDA7F4B46}
		{4741DDAD-82A2-4872-A7C0-67E46CABE31D} = {5A728553-3673-42EC-920A-BBCCDA7F4B46}
		{26B2E5DF-4521-472E-A130-7018BDFFBC5D} = {5A728553-3673-42EC-920A-BBCCDA7F4B46}
		{E2264736-4837-4BB9-883A-DA91CFEA7083} = {5A728553-3673-42EC-920A-BBCCDA7F4B46}
		{BD7DB1E6-33B2-4305-9730-1026AF27D57C} = {5A728553-3673-42EC-920A-BBCCDA7F4B46}
		{454F8830-7103-406C-BF6C-8BF5D03F88B6} = {5A728553-3673-42EC-920A-BBCCDA7F4B46}
		{7FC465C0-76D2-4D9E-9D01-90E79C48A6A9} = {5A728553-3673-42EC-920A-BBCCDA7F4B46}
		{ED2BB1CE-A238-4755-9E9A-0E2F2D34F659} = {5A728553-3673-42EC-920A-BBCCDA7F4B46}
	EndGlobalSection
	GlobalSection(ExtensibilityGlobals) = postSolution
		SolutionGuid = {54664BEC-2CFC-49AD-842A-E2A8AE8A17F3}
	EndGlobalSection
EndGlobal
